{
  "version": 4,
  "terraform_version": "1.15.3",
  "serial": 68,
  "lineage": "25bb4226-695f-4b74-cad6-b8bc941eb32d",
  "outputs": {},
  "resources": [
    {
      "module": "module.vpc",
      "mode": "managed",
      "type": "aws_vpc",
      "name": "this",
      "provider": "provider[\"registry.terraform.io/hashicorp/aws\"]",
      "instances": [
        {
          "index_key": 0,
          "schema_version": 1,
          "attributes": {
            "arn": "arn:aws:ec2:us-east-1:654654433904:vpc/vpc-07ac77a6fac21f960",
            "assign_generated_ipv6_cidr_block": false,
            "cidr_block": "10.0.0.0/16",
            "default_network_acl_id": "acl-02508faed15378b47",
            "default_route_table_id": "rtb-0253bb0cf08e244b9",
            "default_security_group_id": "sg-07aa241aa118f2a26",
            "dhcp_options_id": "dopt-020a64f458a40232e",
            "enable_dns_hostnames": true,
            "enable_dns_support": true,
            "enable_network_address_usage_metrics": false,
            "id": "vpc-07ac77a6fac21f960",
            "instance_tenancy": "default",
            "ipv4_ipam_pool_id": null,
            "ipv4_netmask_length": null,
            "ipv6_association_id": "",
            "ipv6_cidr_block": "",
            "ipv6_cidr_block_network_border_group": "",
            "ipv6_ipam_pool_id": "",
            "ipv6_netmask_length": 0,
            "main_route_table_id": "rtb-0253bb0cf08e244b9",
            "owner_id": "654654433904",
            "tags": {
              "Environment": "dev",
              "Name": "tfg-taekwondo-vpc",
              "Project": "TFG-Taekwondo",
              "Terraform": "true"
            },
            "tags_all": {
              "Environment": "dev",
              "Name": "tfg-taekwondo-vpc",
              "Project": "TFG-Taekwondo",
              "Terraform": "true"
            }
          },
          "sensitive_attributes": [],
          "identity_schema_version": 0,
          "private": "eyJzY2hlbWFfdmVyc2lvbiI6IjEifQ=="
        }
      ]
    }
  ],
  "check_results": null
}
